
Microsoft Visual Studio Solution File, Format Version 12.00
# Visual Studio Version 17
VisualStudioVersion = 17.6.33723.286
MinimumVisualStudioVersion = 10.0.40219.1
Project("{9A19103F-16F7-4668-BE54-9A1E7A4F7556}") = "StudentTask", "StudentTask\StudentTask.csproj", "{C694D6B6-C135-49C0-8E4C-310F3E8C94A2}"
EndProject
Project("{9A19103F-16F7-4668-BE54-9A1E7A4F7556}") = "StudentTask.Data", "StudentTask.Data\StudentTask.Data.csproj", "{10457420-A0C8-465E-88F6-0EBE3C70DD7E}"
EndProject
Project("{9A19103F-16F7-4668-BE54-9A1E7A4F7556}") = "StudentTask.Services", "StudentTask.Services\StudentTask.Services.csproj", "{6F843C97-73C7-459A-8B17-89F499F0BD08}"
EndProject
Project("{9A19103F-16F7-4668-BE54-9A1E7A4F7556}") = "StudentTask.Model", "StudentTask.Model\StudentTask.Model.csproj", "{516CA3B7-A273-412D-874B-367434BF828B}"
EndProject
Project("{FAE04EC0-301F-11D3-BF4B-00C04F79EFBC}") = "StudentTask.Common", "StudentTask.Common\StudentTask.Common.csproj", "{01C9F18B-587D-4D39-9023-2B58531AA997}"
EndProject
Global
	GlobalSection(SolutionConfigurationPlatforms) = preSolution
		Debug|Any CPU = Debug|Any CPU
		Release|Any CPU = Release|Any CPU
	EndGlobalSection
	GlobalSection(ProjectConfigurationPlatforms) = postSolution
		{C694D6B6-C135-49C0-8E4C-310F3E8C94A2}.Debug|Any CPU.ActiveCfg = Debug|Any CPU
		{C694D6B6-C135-49C0-8E4C-310F3E8C94A2}.Debug|Any CPU.Build.0 = Debug|Any CPU
		{C694D6B6-C135-49C0-8E4C-310F3E8C94A2}.Release|Any CPU.ActiveCfg = Release|Any CPU
		{C694D6B6-C135-49C0-8E4C-310F3E8C94A2}.Release|Any CPU.Build.0 = Release|Any CPU
		{10457420-A0C8-465E-88F6-0EBE3C70DD7E}.Debug|Any CPU.ActiveCfg = Debug|Any CPU
		{10457420-A0C8-465E-88F6-0EBE3C70DD7E}.Debug|Any CPU.Build.0 = Debug|Any CPU
		{10457420-A0C8-465E-88F6-0EBE3C70DD7E}.Release|Any CPU.ActiveCfg = Release|Any CPU
		{10457420-A0C8-465E-88F6-0EBE3C70DD7E}.Release|Any CPU.Build.0 = Release|Any CPU
		{6F843C97-73C7-459A-8B17-89F499F0BD08}.Debug|Any CPU.ActiveCfg = Debug|Any CPU
		{6F843C97-73C7-459A-8B17-89F499F0BD08}.Debug|Any CPU.Build.0 = Debug|Any CPU
		{6F843C97-73C7-459A-8B17-89F499F0BD08}.Release|Any CPU.ActiveCfg = Release|Any CPU
		{6F843C97-73C7-459A-8B17-89F499F0BD08}.Release|Any CPU.Build.0 = Release|Any CPU
		{516CA3B7-A273-412D-874B-367434BF828B}.Debug|Any CPU.ActiveCfg = Debug|Any CPU
		{516CA3B7-A273-412D-874B-367434BF828B}.Debug|Any CPU.Build.0 = Debug|Any CPU
		{516CA3B7-A273-412D-874B-367434BF828B}.Release|Any CPU.ActiveCfg = Release|Any CPU
		{516CA3B7-A273-412D-874B-367434BF828B}.Release|Any CPU.Build.0 = Release|Any CPU
		{01C9F18B-587D-4D39-9023-2B58531AA997}.Debug|Any CPU.ActiveCfg = Debug|Any CPU
		{01C9F18B-587D-4D39-9023-2B58531AA997}.Debug|Any CPU.Build.0 = Debug|Any CPU
		{01C9F18B-587D-4D39-9023-2B58531AA997}.Release|Any CPU.ActiveCfg = Release|Any CPU
		{01C9F18B-587D-4D39-9023-2B58531AA997}.Release|Any CPU.Build.0 = Release|Any CPU
	EndGlobalSection
	GlobalSection(SolutionProperties) = preSolution
		HideSolutionNode = FALSE
	EndGlobalSection
	GlobalSection(ExtensibilityGlobals) = postSolution
		SolutionGuid = {C1A69A90-8476-4445-8058-3DBFBC4A51D3}
	EndGlobalSection
EndGlobal
